
Microsoft Visual Studio Solution File, Format Version 12.00
# Visual Studio Version 16
VisualStudioVersion = 16.0.33920.266
MinimumVisualStudioVersion = 10.0.40219.1
Project("{9A19103F-16F7-4668-BE54-9A1E7A4F7556}") = "TraversalProject", "TraversalProject\TraversalProject.csproj", "{6FDCC833-4F1D-4C5E-916C-52520D063ED9}"
EndProject
Project("{9A19103F-16F7-4668-BE54-9A1E7A4F7556}") = "EntityLayer", "EntityLayer\EntityLayer.csproj", "{4BFF7D84-716B-4FD1-A6C7-20605C2D2DC1}"
EndProject
Project("{9A19103F-16F7-4668-BE54-9A1E7A4F7556}") = "DataAccessLayer", "DataAccessLayer\DataAccessLayer.csproj", "{555126E6-6150-4142-AF59-83456D19FCBA}"
EndProject
Project("{9A19103F-16F7-4668-BE54-9A1E7A4F7556}") = "BusinessLayer", "BusinessLayer\BusinessLayer.csproj", "{E43FFFF1-FBEF-4CD1-8379-77D4F2680C08}"
EndProject
Project("{9A19103F-16F7-4668-BE54-9A1E7A4F7556}") = "DTOLayer", "DTOLayer\DTOLayer.csproj", "{19A6194B-A30D-44DE-80CB-D66E7C922F3B}"
EndProject
Project("{9A19103F-16F7-4668-BE54-9A1E7A4F7556}") = "SignalRApi", "SignalRApi\SignalRApi.csproj", "{E706F3BD-E562-4C5B-9F72-33F26469B580}"
EndProject
Project("{FAE04EC0-301F-11D3-BF4B-00C04F79EFBC}") = "SignalRConsume", "SignalRConsume\SignalRConsume.csproj", "{2FD3E83D-4264-4C16-8DEB-97AF286B1709}"
EndProject
Project("{FAE04EC0-301F-11D3-BF4B-00C04F79EFBC}") = "SignalRApiForSql", "SignalRApiForSql\SignalRApiForSql.csproj", "{A8EE1D19-B980-4025-955B-760BB36D5461}"
EndProject
Global
	GlobalSection(SolutionConfigurationPlatforms) = preSolution
		Debug|Any CPU = Debug|Any CPU
		Release|Any CPU = Release|Any CPU
	EndGlobalSection
	GlobalSection(ProjectConfigurationPlatforms) = postSolution
		{6FDCC833-4F1D-4C5E-916C-52520D063ED9}.Debug|Any CPU.ActiveCfg = Debug|Any CPU
		{6FDCC833-4F1D-4C5E-916C-52520D063ED9}.Debug|Any CPU.Build.0 = Debug|Any CPU
		{6FDCC833-4F1D-4C5E-916C-52520D063ED9}.Release|Any CPU.ActiveCfg = Release|Any CPU
		{6FDCC833-4F1D-4C5E-916C-52520D063ED9}.Release|Any CPU.Build.0 = Release|Any CPU
		{4BFF7D84-716B-4FD1-A6C7-20605C2D2DC1}.Debug|Any CPU.ActiveCfg = Debug|Any CPU
		{4BFF7D84-716B-4FD1-A6C7-20605C2D2DC1}.Debug|Any CPU.Build.0 = Debug|Any CPU
		{4BFF7D84-716B-4FD1-A6C7-20605C2D2DC1}.Release|Any CPU.ActiveCfg = Release|Any CPU
		{4BFF7D84-716B-4FD1-A6C7-20605C2D2DC1}.Release|Any CPU.Build.0 = Release|Any CPU
		{555126E6-6150-4142-AF59-83456D19FCBA}.Debug|Any CPU.ActiveCfg = Debug|Any CPU
		{555126E6-6150-4142-AF59-83456D19FCBA}.Debug|Any CPU.Build.0 = Debug|Any CPU
		{555126E6-6150-4142-AF59-83456D19FCBA}.Release|Any CPU.ActiveCfg = Release|Any CPU
		{555126E6-6150-4142-AF59-83456D19FCBA}.Release|Any CPU.Build.0 = Release|Any CPU
		{E43FFFF1-FBEF-4CD1-8379-77D4F2680C08}.Debug|Any CPU.ActiveCfg = Debug|Any CPU
		{E43FFFF1-FBEF-4CD1-8379-77D4F2680C08}.Debug|Any CPU.Build.0 = Debug|Any CPU
		{E43FFFF1-FBEF-4CD1-8379-77D4F2680C08}.Release|Any CPU.ActiveCfg = Release|Any CPU
		{E43FFFF1-FBEF-4CD1-8379-77D4F2680C08}.Release|Any CPU.Build.0 = Release|Any CPU
		{19A6194B-A30D-44DE-80CB-D66E7C922F3B}.Debug|Any CPU.ActiveCfg = Debug|Any CPU
		{19A6194B-A30D-44DE-80CB-D66E7C922F3B}.Debug|Any CPU.Build.0 = Debug|Any CPU
		{19A6194B-A30D-44DE-80CB-D66E7C922F3B}.Release|Any CPU.ActiveCfg = Release|Any CPU
		{19A6194B-A30D-44DE-80CB-D66E7C922F3B}.Release|Any CPU.Build.0 = Release|Any CPU
		{E706F3BD-E562-4C5B-9F72-33F26469B580}.Debug|Any CPU.ActiveCfg = Debug|Any CPU
		{E706F3BD-E562-4C5B-9F72-33F26469B580}.Debug|Any CPU.Build.0 = Debug|Any CPU
		{E706F3BD-E562-4C5B-9F72-33F26469B580}.Release|Any CPU.ActiveCfg = Release|Any CPU
		{E706F3BD-E562-4C5B-9F72-33F26469B580}.Release|Any CPU.Build.0 = Release|Any CPU
		{2FD3E83D-4264-4C16-8DEB-97AF286B1709}.Debug|Any CPU.ActiveCfg = Debug|Any CPU
		{2FD3E83D-4264-4C16-8DEB-97AF286B1709}.Debug|Any CPU.Build.0 = Debug|Any CPU
		{2FD3E83D-4264-4C16-8DEB-97AF286B1709}.Release|Any CPU.ActiveCfg = Release|Any CPU
		{2FD3E83D-4264-4C16-8DEB-97AF286B1709}.Release|Any CPU.Build.0 = Release|Any CPU
		{A8EE1D19-B980-4025-955B-760BB36D5461}.Debug|Any CPU.ActiveCfg = Debug|Any CPU
		{A8EE1D19-B980-4025-955B-760BB36D5461}.Debug|Any CPU.Build.0 = Debug|Any CPU
		{A8EE1D19-B980-4025-955B-760BB36D5461}.Release|Any CPU.ActiveCfg = Release|Any CPU
		{A8EE1D19-B980-4025-955B-760BB36D5461}.Release|Any CPU.Build.0 = Release|Any CPU
	EndGlobalSection
	GlobalSection(SolutionProperties) = preSolution
		HideSolutionNode = FALSE
	EndGlobalSection
	GlobalSection(ExtensibilityGlobals) = postSolution
		SolutionGuid = {C7A0FCB8-5CB8-40FA-8A37-7AB17BFAF6BD}
	EndGlobalSection
EndGlobal
